{
  "requires": true,
  "lockfileVersion": 1,
  "dependencies": {
    "js-search": {
      "version": "1.4.3",
      "resolved": "https://registry.npmjs.org/js-search/-/js-search-1.4.3.tgz",
      "integrity": "sha512-Sny5pf00kX1sM1KzvUC9nGYWXOvBfy30rmvZWeRktpg+esQKedIXrXNee/I2CAnsouCyaTjitZpRflDACx4toA=="
    }
  }
}
